
Microsoft Visual Studio Solution File, Format Version 12.00
# Visual Studio Version 16
VisualStudioVersion = 16.0.30413.136
MinimumVisualStudioVersion = 10.0.40219.1
Project("{8BC9CEB8-8B4A-11D0-8D11-00A0C91BC942}") = "lab1", "lab1\lab1.vcxproj", "{E3485719-3E04-4C47-9F9D-3F146BC389AC}"
EndProject
Project("{8BC9CEB8-8B4A-11D0-8D11-00A0C91BC942}") = "lab2", "lab2\lab2.vcxproj", "{6B80F381-5535-490A-8E7D-059600B46C2A}"
EndProject
Global
	GlobalSection(SolutionConfigurationPlatforms) = preSolution
		Debug|x64 = Debug|x64
		Debug|x86 = Debug|x86
		Release|x64 = Release|x64
		Release|x86 = Release|x86
	EndGlobalSection
	GlobalSection(ProjectConfigurationPlatforms) = postSolution
		{E3485719-3E04-4C47-9F9D-3F146BC389AC}.Debug|x64.ActiveCfg = Debug|x64
		{E3485719-3E04-4C47-9F9D-3F146BC389AC}.Debug|x64.Build.0 = Debug|x64
		{E3485719-3E04-4C47-9F9D-3F146BC389AC}.Debug|x86.ActiveCfg = Debug|Win32
		{E3485719-3E04-4C47-9F9D-3F146BC389AC}.Debug|x86.Build.0 = Debug|Win32
		{E3485719-3E04-4C47-9F9D-3F146BC389AC}.Release|x64.ActiveCfg = Release|x64
		{E3485719-3E04-4C47-9F9D-3F146BC389AC}.Release|x64.Build.0 = Release|x64
		{E3485719-3E04-4C47-9F9D-3F146BC389AC}.Release|x86.ActiveCfg = Release|Win32
		{E3485719-3E04-4C47-9F9D-3F146BC389AC}.Release|x86.Build.0 = Release|Win32
		{6B80F381-5535-490A-8E7D-059600B46C2A}.Debug|x64.ActiveCfg = Debug|x64
		{6B80F381-5535-490A-8E7D-059600B46C2A}.Debug|x64.Build.0 = Debug|x64
		{6B80F381-5535-490A-8E7D-059600B46C2A}.Debug|x86.ActiveCfg = Debug|Win32
		{6B80F381-5535-490A-8E7D-059600B46C2A}.Debug|x86.Build.0 = Debug|Win32
		{6B80F381-5535-490A-8E7D-059600B46C2A}.Release|x64.ActiveCfg = Release|x64
		{6B80F381-5535-490A-8E7D-059600B46C2A}.Release|x64.Build.0 = Release|x64
		{6B80F381-5535-490A-8E7D-059600B46C2A}.Release|x86.ActiveCfg = Release|Win32
		{6B80F381-5535-490A-8E7D-059600B46C2A}.Release|x86.Build.0 = Release|Win32
	EndGlobalSection
	GlobalSection(SolutionProperties) = preSolution
		HideSolutionNode = FALSE
	EndGlobalSection
	GlobalSection(ExtensibilityGlobals) = postSolution
		SolutionGuid = {0B11786E-5869-46C1-AB6E-042BC0AC749E}
	EndGlobalSection
EndGlobal
